// !$*UTF8*$!
{
	archiveVersion = 1;
	classes = {
	};
	objectVersion = 46;
	objects = {

/* Begin PBXBuildFile section */
		5621A6A01F9162CC00A49399 /* MainViewSetup.swift in Sources */ = {isa = PBXBuildFile; fileRef = 5621A69F1F9162CC00A49399 /* MainViewSetup.swift */; };
		5621A6A21F91655600A49399 /* MenuLeftVC.swift in Sources */ = {isa = PBXBuildFile; fileRef = 5621A6A11F91655600A49399 /* MenuLeftVC.swift */; };
		5621A6A41F9177EC00A49399 /* AnotherViewVC.swift in Sources */ = {isa = PBXBuildFile; fileRef = 5621A6A31F9177EC00A49399 /* AnotherViewVC.swift */; };
		5621A6A81F925FBD00A49399 /* MPSlideOutMenu.swift in Sources */ = {isa = PBXBuildFile; fileRef = 5621A6A71F925FBD00A49399 /* MPSlideOutMenu.swift */; };
		5621A6AA1F92B37E00A49399 /* RightViewVC.swift in Sources */ = {isa = PBXBuildFile; fileRef = 5621A6A91F92B37E00A49399 /* RightViewVC.swift */; };
		56A4490C1F915F31009E5ADA /* AppDelegate.swift in Sources */ = {isa = PBXBuildFile; fileRef = 56A4490B1F915F31009E5ADA /* AppDelegate.swift */; };
		56A4490E1F915F31009E5ADA /* MainViewVC.swift in Sources */ = {isa = PBXBuildFile; fileRef = 56A4490D1F915F31009E5ADA /* MainViewVC.swift */; };
		56A449141F915F32009E5ADA /* MPSlideOutMenu.xcdatamodeld in Sources */ = {isa = PBXBuildFile; fileRef = 56A449121F915F32009E5ADA /* MPSlideOutMenu.xcdatamodeld */; };
		56A449161F915F32009E5ADA /* Assets.xcassets in Resources */ = {isa = PBXBuildFile; fileRef = 56A449151F915F32009E5ADA /* Assets.xcassets */; };
		56A449191F915F32009E5ADA /* LaunchScreen.storyboard in Resources */ = {isa = PBXBuildFile; fileRef = 56A449171F915F32009E5ADA /* LaunchScreen.storyboard */; };
/* End PBXBuildFile section */

/* Begin PBXFileReference section */
		5621A69F1F9162CC00A49399 /* MainViewSetup.swift */ = {isa = PBXFileReference; fileEncoding = 4; lastKnownFileType = sourcecode.swift; path = MainViewSetup.swift; sourceTree = "<group>"; };
		5621A6A11F91655600A49399 /* MenuLeftVC.swift */ = {isa = PBXFileReference; fileEncoding = 4; lastKnownFileType = sourcecode.swift; path = MenuLeftVC.swift; sourceTree = "<group>"; };
		5621A6A31F9177EC00A49399 /* AnotherViewVC.swift */ = {isa = PBXFileReference; fileEncoding = 4; lastKnownFileType = sourcecode.swift; path = AnotherViewVC.swift; sourceTree = "<group>"; };
		5621A6A71F925FBD00A49399 /* MPSlideOutMenu.swift */ = {isa = PBXFileReference; fileEncoding = 4; lastKnownFileType = sourcecode.swift; path = MPSlideOutMenu.swift; sourceTree = "<group>"; };
		5621A6A91F92B37E00A49399 /* RightViewVC.swift */ = {isa = PBXFileReference; fileEncoding = 4; lastKnownFileType = sourcecode.swift; path = RightViewVC.swift; sourceTree = "<group>"; };
		56A449081F915F31009E5ADA /* MPSlideOutMenu.app */ = {isa = PBXFileReference; explicitFileType = wrapper.application; includeInIndex = 0; path = MPSlideOutMenu.app; sourceTree = BUILT_PRODUCTS_DIR; };
		56A4490B1F915F31009E5ADA /* AppDelegate.swift */ = {isa = PBXFileReference; lastKnownFileType = sourcecode.swift; path = AppDelegate.swift; sourceTree = "<group>"; };
		56A4490D1F915F31009E5ADA /* MainViewVC.swift */ = {isa = PBXFileReference; lastKnownFileType = sourcecode.swift; path = MainViewVC.swift; sourceTree = "<group>"; };
		56A449131F915F32009E5ADA /* MPSlideOutMenu.xcdatamodel */ = {isa = PBXFileReference; lastKnownFileType = wrapper.xcdatamodel; path = MPSlideOutMenu.xcdatamodel; sourceTree = "<group>"; };
		56A449151F915F32009E5ADA /* Assets.xcassets */ = {isa = PBXFileReference; lastKnownFileType = folder.assetcatalog; path = Assets.xcassets; sourceTree = "<group>"; };
		56A449181F915F32009E5ADA /* Base */ = {isa = PBXFileReference; lastKnownFileType = file.storyboard; name = Base; path = Base.lproj/LaunchScreen.storyboard; sourceTree = "<group>"; };
		56A4491A1F915F32009E5ADA /* Info.plist */ = {isa = PBXFileReference; lastKnownFileType = text.plist.xml; path = Info.plist; sourceTree = "<group>"; };
/* End PBXFileReference section */

/* Begin PBXFrameworksBuildPhase section */
		56A449051F915F31009E5ADA /* Frameworks */ = {
			isa = PBXFrameworksBuildPhase;
			buildActionMask = 2147483647;
			files = (
			);
			runOnlyForDeploymentPostprocessing = 0;
		};
/* End PBXFrameworksBuildPhase section */

/* Begin PBXGroup section */
		56A448FF1F915F31009E5ADA = {
			isa = PBXGroup;
			children = (
				56A4490A1F915F31009E5ADA /* MPSlideOutMenu */,
				56A449091F915F31009E5ADA /* Products */,
			);
			sourceTree = "<group>";
		};
		56A449091F915F31009E5ADA /* Products */ = {
			isa = PBXGroup;
			children = (
				56A449081F915F31009E5ADA /* MPSlideOutMenu.app */,
			);
			name = Products;
			sourceTree = "<group>";
		};
		56A4490A1F915F31009E5ADA /* MPSlideOutMenu */ = {
			isa = PBXGroup;
			children = (
				56A4490B1F915F31009E5ADA /* AppDelegate.swift */,
				56A4490D1F915F31009E5ADA /* MainViewVC.swift */,
				5621A6A71F925FBD00A49399 /* MPSlideOutMenu.swift */,
				5621A69F1F9162CC00A49399 /* MainViewSetup.swift */,
				5621A6A11F91655600A49399 /* MenuLeftVC.swift */,
				5621A6A31F9177EC00A49399 /* AnotherViewVC.swift */,
				5621A6A91F92B37E00A49399 /* RightViewVC.swift */,
				56A449151F915F32009E5ADA /* Assets.xcassets */,
				56A449171F915F32009E5ADA /* LaunchScreen.storyboard */,
				56A4491A1F915F32009E5ADA /* Info.plist */,
				56A449121F915F32009E5ADA /* MPSlideOutMenu.xcdatamodeld */,
			);
			path = MPSlideOutMenu;
			sourceTree = "<group>";
		};
/* End PBXGroup section */

/* Begin PBXNativeTarget section */
		56A449071F915F31009E5ADA /* MPSlideOutMenu */ = {
			isa = PBXNativeTarget;
			buildConfigurationList = 56A4491D1F915F32009E5ADA /* Build configuration list for PBXNativeTarget "MPSlideOutMenu" */;
			buildPhases = (
				56A449041F915F31009E5ADA /* Sources */,
				56A449051F915F31009E5ADA /* Frameworks */,
				56A449061F915F31009E5ADA /* Resources */,
			);
			buildRules = (
			);
			dependencies = (
			);
			name = MPSlideOutMenu;
			productName = MPSlideOutMenu;
			productReference = 56A449081F915F31009E5ADA /* MPSlideOutMenu.app */;
			productType = "com.apple.product-type.application";
		};
/* End PBXNativeTarget section */

/* Begin PBXProject section */
		56A449001F915F31009E5ADA /* Project object */ = {
			isa = PBXProject;
			attributes = {
				LastSwiftUpdateCheck = 0830;
				LastUpgradeCheck = 0830;
				ORGANIZATIONNAME = MarianP;
				TargetAttributes = {
					56A449071F915F31009E5ADA = {
						CreatedOnToolsVersion = 8.3.3;
						DevelopmentTeam = Q45VR9H42U;
						ProvisioningStyle = Automatic;
					};
				};
			};
			buildConfigurationList = 56A449031F915F31009E5ADA /* Build configuration list for PBXProject "MPSlideOutMenu" */;
			compatibilityVersion = "Xcode 3.2";
			developmentRegion = English;
			hasScannedForEncodings = 0;
			knownRegions = (
				en,
				Base,
			);
			mainGroup = 56A448FF1F915F31009E5ADA;
			productRefGroup = 56A449091F915F31009E5ADA /* Products */;
			projectDirPath = "";
			projectRoot = "";
			targets = (
				56A449071F915F31009E5ADA /* MPSlideOutMenu */,
			);
		};
/* End PBXProject section */

/* Begin PBXResourcesBuildPhase section */
		56A449061F915F31009E5ADA /* Resources */ = {
			isa = PBXResourcesBuildPhase;
			buildActionMask = 2147483647;
			files = (
				56A449191F915F32009E5ADA /* LaunchScreen.storyboard in Resources */,
				56A449161F915F32009E5ADA /* Assets.xcassets in Resources */,
			);
			runOnlyForDeploymentPostprocessing = 0;
		};
/* End PBXResourcesBuildPhase section */

/* Begin PBXSourcesBuildPhase section */
		56A449041F915F31009E5ADA /* Sources */ = {
			isa = PBXSourcesBuildPhase;
			buildActionMask = 2147483647;
			files = (
				5621A6A81F925FBD00A49399 /* MPSlideOutMenu.swift in Sources */,
				56A4490E1F915F31009E5ADA /* MainViewVC.swift in Sources */,
				5621A6A41F9177EC00A49399 /* AnotherViewVC.swift in Sources */,
				5621A6A21F91655600A49399 /* MenuLeftVC.swift in Sources */,
				56A4490C1F915F31009E5ADA /* AppDelegate.swift in Sources */,
				56A449141F915F32009E5ADA /* MPSlideOutMenu.xcdatamodeld in Sources */,
				5621A6AA1F92B37E00A49399 /* RightViewVC.swift in Sources */,
				5621A6A01F9162CC00A49399 /* MainViewSetup.swift in Sources */,
			);
			runOnlyForDeploymentPostprocessing = 0;
		};
/* End PBXSourcesBuildPhase section */

/* Begin PBXVariantGroup section */
		56A449171F915F32009E5ADA /* LaunchScreen.storyboard */ = {
			isa = PBXVariantGroup;
			children = (
				56A449181F915F32009E5ADA /* Base */,
			);
			name = LaunchScreen.storyboard;
			sourceTree = "<group>";
		};
/* End PBXVariantGroup section */

/* Begin XCBuildConfiguration section */
		56A4491B1F915F32009E5ADA /* Debug */ = {
			isa = XCBuildConfiguration;
			buildSettings = {
				ALWAYS_SEARCH_USER_PATHS = NO;
				CLANG_ANALYZER_NONNULL = YES;
				CLANG_ANALYZER_NUMBER_OBJECT_CONVERSION = YES_AGGRESSIVE;
				CLANG_CXX_LANGUAGE_STANDARD = "gnu++0x";
				CLANG_CXX_LIBRARY = "libc++";
				CLANG_ENABLE_MODULES = YES;
				CLANG_ENABLE_OBJC_ARC = YES;
				CLANG_WARN_BOOL_CONVERSION = YES;
				CLANG_WARN_CONSTANT_CONVERSION = YES;
				CLANG_WARN_DIRECT_OBJC_ISA_USAGE = YES_ERROR;
				CLANG_WARN_DOCUMENTATION_COMMENTS = YES;
				CLANG_WARN_EMPTY_BODY = YES;
				CLANG_WARN_ENUM_CONVERSION = YES;
				CLANG_WARN_INFINITE_RECURSION = YES;
				CLANG_WARN_INT_CONVERSION = YES;
				CLANG_WARN_OBJC_ROOT_CLASS = YES_ERROR;
				CLANG_WARN_SUSPICIOUS_MOVE = YES;
				CLANG_WARN_UNREACHABLE_CODE = YES;
				CLANG_WARN__DUPLICATE_METHOD_MATCH = YES;
				"CODE_SIGN_IDENTITY[sdk=iphoneos*]" = "iPhone Developer";
				COPY_PHASE_STRIP = NO;
				DEBUG_INFORMATION_FORMAT = dwarf;
				ENABLE_STRICT_OBJC_MSGSEND = YES;
				ENABLE_TESTABILITY = YES;
				GCC_C_LANGUAGE_STANDARD = gnu99;
				GCC_DYNAMIC_NO_PIC = NO;
				GCC_NO_COMMON_BLOCKS = YES;
				GCC_OPTIMIZATION_LEVEL = 0;
				GCC_PREPROCESSOR_DEFINITIONS = (
					"DEBUG=1",
					"$(inherited)",
				);
				GCC_WARN_64_TO_32_BIT_CONVERSION = YES;
				GCC_WARN_ABOUT_RETURN_TYPE = YES_ERROR;
				GCC_WARN_UNDECLARED_SELECTOR = YES;
				GCC_WARN_UNINITIALIZED_AUTOS = YES_AGGRESSIVE;
				GCC_WARN_UNUSED_FUNCTION = YES;
				GCC_WARN_UNUSED_VARIABLE = YES;
				IPHONEOS_DEPLOYMENT_TARGET = 10.3;
				MTL_ENABLE_DEBUG_INFO = YES;
				ONLY_ACTIVE_ARCH = YES;
				SDKROOT = iphoneos;
				SWIFT_ACTIVE_COMPILATION_CONDITIONS = DEBUG;
				SWIFT_OPTIMIZATION_LEVEL = "-Onone";
			};
			name = Debug;
		};
		56A4491C1F915F32009E5ADA /* Release */ = {
			isa = XCBuildConfiguration;
			buildSettings = {
				ALWAYS_SEARCH_USER_PATHS = NO;
				CLANG_ANALYZER_NONNULL = YES;
				CLANG_ANALYZER_NUMBER_OBJECT_CONVERSION = YES_AGGRESSIVE;
				CLANG_CXX_LANGUAGE_STANDARD = "gnu++0x";
				CLANG_CXX_LIBRARY = "libc++";
				CLANG_ENABLE_MODULES = YES;
				CLANG_ENABLE_OBJC_ARC = YES;
				CLANG_WARN_BOOL_CONVERSION = YES;
				CLANG_WARN_CONSTANT_CONVERSION = YES;
				CLANG_WARN_DIRECT_OBJC_ISA_USAGE = YES_ERROR;
				CLANG_WARN_DOCUMENTATION_COMMENTS = YES;
				CLANG_WARN_EMPTY_BODY = YES;
				CLANG_WARN_ENUM_CONVERSION = YES;
				CLANG_WARN_INFINITE_RECURSION = YES;
				CLANG_WARN_INT_CONVERSION = YES;
				CLANG_WARN_OBJC_ROOT_CLASS = YES_ERROR;
				CLANG_WARN_SUSPICIOUS_MOVE = YES;
				CLANG_WARN_UNREACHABLE_CODE = YES;
				CLANG_WARN__DUPLICATE_METHOD_MATCH = YES;
				"CODE_SIGN_IDENTITY[sdk=iphoneos*]" = "iPhone Developer";
				COPY_PHASE_STRIP = NO;
				DEBUG_INFORMATION_FORMAT = "dwarf-with-dsym";
				ENABLE_NS_ASSERTIONS = NO;
				ENABLE_STRICT_OBJC_MSGSEND = YES;
				GCC_C_LANGUAGE_STANDARD = gnu99;
				GCC_NO_COMMON_BLOCKS = YES;
				GCC_WARN_64_TO_32_BIT_CONVERSION = YES;
				GCC_WARN_ABOUT_RETURN_TYPE = YES_ERROR;
				GCC_WARN_UNDECLARED_SELECTOR = YES;
				GCC_WARN_UNINITIALIZED_AUTOS = YES_AGGRESSIVE;
				GCC_WARN_UNUSED_FUNCTION = YES;
				GCC_WARN_UNUSED_VARIABLE = YES;
				IPHONEOS_DEPLOYMENT_TARGET = 10.3;
				MTL_ENABLE_DEBUG_INFO = NO;
				SDKROOT = iphoneos;
				SWIFT_OPTIMIZATION_LEVEL = "-Owholemodule";
				VALIDATE_PRODUCT = YES;
			};
			name = Release;
		};
		56A4491E1F915F32009E5ADA /* Debug */ = {
			isa = XCBuildConfiguration;
			buildSettings = {
				ASSETCATALOG_COMPILER_APPICON_NAME = AppIcon;
				DEVELOPMENT_TEAM = Q45VR9H42U;
				INFOPLIST_FILE = MPSlideOutMenu/Info.plist;
				LD_RUNPATH_SEARCH_PATHS = "$(inherited) @executable_path/Frameworks";
				PRODUCT_BUNDLE_IDENTIFIER = com.marianp.MPSlideOutMenu;
				PRODUCT_NAME = "$(TARGET_NAME)";
				SWIFT_VERSION = 3.0;
			};
			name = Debug;
		};
		56A4491F1F915F32009E5ADA /* Release */ = {
			isa = XCBuildConfiguration;
			buildSettings = {
				ASSETCATALOG_COMPILER_APPICON_NAME = AppIcon;
				DEVELOPMENT_TEAM = Q45VR9H42U;
				INFOPLIST_FILE = MPSlideOutMenu/Info.plist;
				LD_RUNPATH_SEARCH_PATHS = "$(inherited) @executable_path/Frameworks";
				PRODUCT_BUNDLE_IDENTIFIER = com.marianp.MPSlideOutMenu;
				PRODUCT_NAME = "$(TARGET_NAME)";
				SWIFT_VERSION = 3.0;
			};
			name = Release;
		};
/* End XCBuildConfiguration section */

/* Begin XCConfigurationList section */
		56A449031F915F31009E5ADA /* Build configuration list for PBXProject "MPSlideOutMenu" */ = {
			isa = XCConfigurationList;
			buildConfigurations = (
				56A4491B1F915F32009E5ADA /* Debug */,
				56A4491C1F915F32009E5ADA /* Release */,
			);
			defaultConfigurationIsVisible = 0;
			defaultConfigurationName = Release;
		};
		56A4491D1F915F32009E5ADA /* Build configuration list for PBXNativeTarget "MPSlideOutMenu" */ = {
			isa = XCConfigurationList;
			buildConfigurations = (
				56A4491E1F915F32009E5ADA /* Debug */,
				56A4491F1F915F32009E5ADA /* Release */,
			);
			defaultConfigurationIsVisible = 0;
			defaultConfigurationName = Release;
		};
/* End XCConfigurationList section */

/* Begin XCVersionGroup section */
		56A449121F915F32009E5ADA /* MPSlideOutMenu.xcdatamodeld */ = {
			isa = XCVersionGroup;
			children = (
				56A449131F915F32009E5ADA /* MPSlideOutMenu.xcdatamodel */,
			);
			currentVersion = 56A449131F915F32009E5ADA /* MPSlideOutMenu.xcdatamodel */;
			path = MPSlideOutMenu.xcdatamodeld;
			sourceTree = "<group>";
			versionGroupType = wrapper.xcdatamodel;
		};
/* End XCVersionGroup section */
	};
	rootObject = 56A449001F915F31009E5ADA /* Project object */;
}
